
Microsoft Visual Studio Solution File, Format Version 12.00
# Visual Studio 14
VisualStudioVersion = 14.0.25420.1
MinimumVisualStudioVersion = 10.0.40219.1
Project("{FAE04EC0-301F-11D3-BF4B-00C04F79EFBC}") = "Cats", "Cats\Cats\Cats.csproj", "{0BBBBBD2-4EB5-4D7C-9276-54EA49752318}"
EndProject
Project("{FAE04EC0-301F-11D3-BF4B-00C04F79EFBC}") = "Cats.Droid", "Cats\Cats.Droid\Cats.Droid.csproj", "{C6608805-389B-495C-8ECA-DD016FE0D72A}"
EndProject
Project("{FAE04EC0-301F-11D3-BF4B-00C04F79EFBC}") = "Cats.iOS", "Cats\Cats.iOS\Cats.iOS.csproj", "{3F74B302-69F4-4591-BC7C-1EF42E5C3749}"
EndProject
Project("{FAE04EC0-301F-11D3-BF4B-00C04F79EFBC}") = "Cats.WinPhone", "Cats\Cats.WinPhone\Cats.WinPhone.csproj", "{2C926EB0-B752-444B-BA49-07B8501EC62D}"
EndProject
Project("{FAE04EC0-301F-11D3-BF4B-00C04F79EFBC}") = "Cats.UWP", "Cats\Cats.UWP\Cats.UWP.csproj", "{4F0A808B-2E67-47D8-88F6-288C1AA221BF}"
EndProject
Project("{FAE04EC0-301F-11D3-BF4B-00C04F79EFBC}") = "Cats.Windows", "Cats\Cats.Windows\Cats.Windows.csproj", "{56CADB60-EC1C-49C0-9019-61DB31AB4E8E}"
EndProject
Global
	GlobalSection(SolutionConfigurationPlatforms) = preSolution
		Ad-Hoc|Any CPU = Ad-Hoc|Any CPU
		Ad-Hoc|ARM = Ad-Hoc|ARM
		Ad-Hoc|iPhone = Ad-Hoc|iPhone
		Ad-Hoc|iPhoneSimulator = Ad-Hoc|iPhoneSimulator
		Ad-Hoc|x64 = Ad-Hoc|x64
		Ad-Hoc|x86 = Ad-Hoc|x86
		AppStore|Any CPU = AppStore|Any CPU
		AppStore|ARM = AppStore|ARM
		AppStore|iPhone = AppStore|iPhone
		AppStore|iPhoneSimulator = AppStore|iPhoneSimulator
		AppStore|x64 = AppStore|x64
		AppStore|x86 = AppStore|x86
		Debug|Any CPU = Debug|Any CPU
		Debug|ARM = Debug|ARM
		Debug|iPhone = Debug|iPhone
		Debug|iPhoneSimulator = Debug|iPhoneSimulator
		Debug|x64 = Debug|x64
		Debug|x86 = Debug|x86
		Release|Any CPU = Release|Any CPU
		Release|ARM = Release|ARM
		Release|iPhone = Release|iPhone
		Release|iPhoneSimulator = Release|iPhoneSimulator
		Release|x64 = Release|x64
		Release|x86 = Release|x86
	EndGlobalSection
	GlobalSection(ProjectConfigurationPlatforms) = postSolution
		{0BBBBBD2-4EB5-4D7C-9276-54EA49752318}.Ad-Hoc|Any CPU.ActiveCfg = Release|Any CPU
		{0BBBBBD2-4EB5-4D7C-9276-54EA49752318}.Ad-Hoc|Any CPU.Build.0 = Release|Any CPU
		{0BBBBBD2-4EB5-4D7C-9276-54EA49752318}.Ad-Hoc|ARM.ActiveCfg = Release|Any CPU
		{0BBBBBD2-4EB5-4D7C-9276-54EA49752318}.Ad-Hoc|ARM.Build.0 = Release|Any CPU
		{0BBBBBD2-4EB5-4D7C-9276-54EA49752318}.Ad-Hoc|iPhone.ActiveCfg = Release|Any CPU
		{0BBBBBD2-4EB5-4D7C-9276-54EA49752318}.Ad-Hoc|iPhone.Build.0 = Release|Any CPU
		{0BBBBBD2-4EB5-4D7C-9276-54EA49752318}.Ad-Hoc|iPhoneSimulator.ActiveCfg = Release|Any CPU
		{0BBBBBD2-4EB5-4D7C-9276-54EA49752318}.Ad-Hoc|iPhoneSimulator.Build.0 = Release|Any CPU
		{0BBBBBD2-4EB5-4D7C-9276-54EA49752318}.Ad-Hoc|x64.ActiveCfg = Release|Any CPU
		{0BBBBBD2-4EB5-4D7C-9276-54EA49752318}.Ad-Hoc|x64.Build.0 = Release|Any CPU
		{0BBBBBD2-4EB5-4D7C-9276-54EA49752318}.Ad-Hoc|x86.ActiveCfg = Release|Any CPU
		{0BBBBBD2-4EB5-4D7C-9276-54EA49752318}.Ad-Hoc|x86.Build.0 = Release|Any CPU
		{0BBBBBD2-4EB5-4D7C-9276-54EA49752318}.AppStore|Any CPU.ActiveCfg = Release|Any CPU
		{0BBBBBD2-4EB5-4D7C-9276-54EA49752318}.AppStore|Any CPU.Build.0 = Release|Any CPU
		{0BBBBBD2-4EB5-4D7C-9276-54EA49752318}.AppStore|ARM.ActiveCfg = Release|Any CPU
		{0BBBBBD2-4EB5-4D7C-9276-54EA49752318}.AppStore|ARM.Build.0 = Release|Any CPU
		{0BBBBBD2-4EB5-4D7C-9276-54EA49752318}.AppStore|iPhone.ActiveCfg = Release|Any CPU
		{0BBBBBD2-4EB5-4D7C-9276-54EA49752318}.AppStore|iPhone.Build.0 = Release|Any CPU
		{0BBBBBD2-4EB5-4D7C-9276-54EA49752318}.AppStore|iPhoneSimulator.ActiveCfg = Release|Any CPU
		{0BBBBBD2-4EB5-4D7C-9276-54EA49752318}.AppStore|iPhoneSimulator.Build.0 = Release|Any CPU
		{0BBBBBD2-4EB5-4D7C-9276-54EA49752318}.AppStore|x64.ActiveCfg = Release|Any CPU
		{0BBBBBD2-4EB5-4D7C-9276-54EA49752318}.AppStore|x64.Build.0 = Release|Any CPU
		{0BBBBBD2-4EB5-4D7C-9276-54EA49752318}.AppStore|x86.ActiveCfg = Release|Any CPU
		{0BBBBBD2-4EB5-4D7C-9276-54EA49752318}.AppStore|x86.Build.0 = Release|Any CPU
		{0BBBBBD2-4EB5-4D7C-9276-54EA49752318}.Debug|Any CPU.ActiveCfg = Debug|Any CPU
		{0BBBBBD2-4EB5-4D7C-9276-54EA49752318}.Debug|Any CPU.Build.0 = Debug|Any CPU
		{0BBBBBD2-4EB5-4D7C-9276-54EA49752318}.Debug|ARM.ActiveCfg = Debug|Any CPU
		{0BBBBBD2-4EB5-4D7C-9276-54EA49752318}.Debug|ARM.Build.0 = Debug|Any CPU
		{0BBBBBD2-4EB5-4D7C-9276-54EA49752318}.Debug|iPhone.ActiveCfg = Debug|Any CPU
		{0BBBBBD2-4EB5-4D7C-9276-54EA49752318}.Debug|iPhone.Build.0 = Debug|Any CPU
		{0BBBBBD2-4EB5-4D7C-9276-54EA49752318}.Debug|iPhoneSimulator.ActiveCfg = Debug|Any CPU
		{0BBBBBD2-4EB5-4D7C-9276-54EA49752318}.Debug|iPhoneSimulator.Build.0 = Debug|Any CPU
		{0BBBBBD2-4EB5-4D7C-9276-54EA49752318}.Debug|x64.ActiveCfg = Debug|Any CPU
		{0BBBBBD2-4EB5-4D7C-9276-54EA49752318}.Debug|x64.Build.0 = Debug|Any CPU
		{0BBBBBD2-4EB5-4D7C-9276-54EA49752318}.Debug|x86.ActiveCfg = Debug|Any CPU
		{0BBBBBD2-4EB5-4D7C-9276-54EA49752318}.Debug|x86.Build.0 = Debug|Any CPU
		{0BBBBBD2-4EB5-4D7C-9276-54EA49752318}.Release|Any CPU.ActiveCfg = Release|Any CPU
		{0BBBBBD2-4EB5-4D7C-9276-54EA49752318}.Release|Any CPU.Build.0 = Release|Any CPU
		{0BBBBBD2-4EB5-4D7C-9276-54EA49752318}.Release|ARM.ActiveCfg = Release|Any CPU
		{0BBBBBD2-4EB5-4D7C-9276-54EA49752318}.Release|ARM.Build.0 = Release|Any CPU
		{0BBBBBD2-4EB5-4D7C-9276-54EA49752318}.Release|iPhone.ActiveCfg = Release|Any CPU
		{0BBBBBD2-4EB5-4D7C-9276-54EA49752318}.Release|iPhone.Build.0 = Release|Any CPU
		{0BBBBBD2-4EB5-4D7C-9276-54EA49752318}.Release|iPhoneSimulator.ActiveCfg = Release|Any CPU
		{0BBBBBD2-4EB5-4D7C-9276-54EA49752318}.Release|iPhoneSimulator.Build.0 = Release|Any CPU
		{0BBBBBD2-4EB5-4D7C-9276-54EA49752318}.Release|x64.ActiveCfg = Release|Any CPU
		{0BBBBBD2-4EB5-4D7C-9276-54EA49752318}.Release|x64.Build.0 = Release|Any CPU
		{0BBBBBD2-4EB5-4D7C-9276-54EA49752318}.Release|x86.ActiveCfg = Release|Any CPU
		{0BBBBBD2-4EB5-4D7C-9276-54EA49752318}.Release|x86.Build.0 = Release|Any CPU
		{C6608805-389B-495C-8ECA-DD016FE0D72A}.Ad-Hoc|Any CPU.ActiveCfg = Release|Any CPU
		{C6608805-389B-495C-8ECA-DD016FE0D72A}.Ad-Hoc|Any CPU.Build.0 = Release|Any CPU
		{C6608805-389B-495C-8ECA-DD016FE0D72A}.Ad-Hoc|Any CPU.Deploy.0 = Release|Any CPU
		{C6608805-389B-495C-8ECA-DD016FE0D72A}.Ad-Hoc|ARM.ActiveCfg = Release|Any CPU
		{C6608805-389B-495C-8ECA-DD016FE0D72A}.Ad-Hoc|ARM.Build.0 = Release|Any CPU
		{C6608805-389B-495C-8ECA-DD016FE0D72A}.Ad-Hoc|ARM.Deploy.0 = Release|Any CPU
		{C6608805-389B-495C-8ECA-DD016FE0D72A}.Ad-Hoc|iPhone.ActiveCfg = Release|Any CPU
		{C6608805-389B-495C-8ECA-DD016FE0D72A}.Ad-Hoc|iPhone.Build.0 = Release|Any CPU
		{C6608805-389B-495C-8ECA-DD016FE0D72A}.Ad-Hoc|iPhone.Deploy.0 = Release|Any CPU
		{C6608805-389B-495C-8ECA-DD016FE0D72A}.Ad-Hoc|iPhoneSimulator.ActiveCfg = Release|Any CPU
		{C6608805-389B-495C-8ECA-DD016FE0D72A}.Ad-Hoc|iPhoneSimulator.Build.0 = Release|Any CPU
		{C6608805-389B-495C-8ECA-DD016FE0D72A}.Ad-Hoc|iPhoneSimulator.Deploy.0 = Release|Any CPU
		{C6608805-389B-495C-8ECA-DD016FE0D72A}.Ad-Hoc|x64.ActiveCfg = Release|Any CPU
		{C6608805-389B-495C-8ECA-DD016FE0D72A}.Ad-Hoc|x64.Build.0 = Release|Any CPU
		{C6608805-389B-495C-8ECA-DD016FE0D72A}.Ad-Hoc|x64.Deploy.0 = Release|Any CPU
		{C6608805-389B-495C-8ECA-DD016FE0D72A}.Ad-Hoc|x86.ActiveCfg = Release|Any CPU
		{C6608805-389B-495C-8ECA-DD016FE0D72A}.Ad-Hoc|x86.Build.0 = Release|Any CPU
		{C6608805-389B-495C-8ECA-DD016FE0D72A}.Ad-Hoc|x86.Deploy.0 = Release|Any CPU
		{C6608805-389B-495C-8ECA-DD016FE0D72A}.AppStore|Any CPU.ActiveCfg = Release|Any CPU
		{C6608805-389B-495C-8ECA-DD016FE0D72A}.AppStore|Any CPU.Build.0 = Release|Any CPU
		{C6608805-389B-495C-8ECA-DD016FE0D72A}.AppStore|Any CPU.Deploy.0 = Release|Any CPU
		{C6608805-389B-495C-8ECA-DD016FE0D72A}.AppStore|ARM.ActiveCfg = Release|Any CPU
		{C6608805-389B-495C-8ECA-DD016FE0D72A}.AppStore|ARM.Build.0 = Release|Any CPU
		{C6608805-389B-495C-8ECA-DD016FE0D72A}.AppStore|ARM.Deploy.0 = Release|Any CPU
		{C6608805-389B-495C-8ECA-DD016FE0D72A}.AppStore|iPhone.ActiveCfg = Release|Any CPU
		{C6608805-389B-495C-8ECA-DD016FE0D72A}.AppStore|iPhone.Build.0 = Release|Any CPU
		{C6608805-389B-495C-8ECA-DD016FE0D72A}.AppStore|iPhone.Deploy.0 = Release|Any CPU
		{C6608805-389B-495C-8ECA-DD016FE0D72A}.AppStore|iPhoneSimulator.ActiveCfg = Release|Any CPU
		{C6608805-389B-495C-8ECA-DD016FE0D72A}.AppStore|iPhoneSimulator.Build.0 = Release|Any CPU
		{C6608805-389B-495C-8ECA-DD016FE0D72A}.AppStore|iPhoneSimulator.Deploy.0 = Release|Any CPU
		{C6608805-389B-495C-8ECA-DD016FE0D72A}.AppStore|x64.ActiveCfg = Release|Any CPU
		{C6608805-389B-495C-8ECA-DD016FE0D72A}.AppStore|x64.Build.0 = Release|Any CPU
		{C6608805-389B-495C-8ECA-DD016FE0D72A}.AppStore|x64.Deploy.0 = Release|Any CPU
		{C6608805-389B-495C-8ECA-DD016FE0D72A}.AppStore|x86.ActiveCfg = Release|Any CPU
		{C6608805-389B-495C-8ECA-DD016FE0D72A}.AppStore|x86.Build.0 = Release|Any CPU
		{C6608805-389B-495C-8ECA-DD016FE0D72A}.AppStore|x86.Deploy.0 = Release|Any CPU
		{C6608805-389B-495C-8ECA-DD016FE0D72A}.Debug|Any CPU.ActiveCfg = Debug|Any CPU
		{C6608805-389B-495C-8ECA-DD016FE0D72A}.Debug|Any CPU.Build.0 = Debug|Any CPU
		{C6608805-389B-495C-8ECA-DD016FE0D72A}.Debug|Any CPU.Deploy.0 = Debug|Any CPU
		{C6608805-389B-495C-8ECA-DD016FE0D72A}.Debug|ARM.ActiveCfg = Debug|Any CPU
		{C6608805-389B-495C-8ECA-DD016FE0D72A}.Debug|ARM.Build.0 = Debug|Any CPU
		{C6608805-389B-495C-8ECA-DD016FE0D72A}.Debug|ARM.Deploy.0 = Debug|Any CPU
		{C6608805-389B-495C-8ECA-DD016FE0D72A}.Debug|iPhone.ActiveCfg = Debug|Any CPU
		{C6608805-389B-495C-8ECA-DD016FE0D72A}.Debug|iPhone.Build.0 = Debug|Any CPU
		{C6608805-389B-495C-8ECA-DD016FE0D72A}.Debug|iPhone.Deploy.0 = Debug|Any CPU
		{C6608805-389B-495C-8ECA-DD016FE0D72A}.Debug|iPhoneSimulator.ActiveCfg = Debug|Any CPU
		{C6608805-389B-495C-8ECA-DD016FE0D72A}.Debug|iPhoneSimulator.Build.0 = Debug|Any CPU
		{C6608805-389B-495C-8ECA-DD016FE0D72A}.Debug|iPhoneSimulator.Deploy.0 = Debug|Any CPU
		{C6608805-389B-495C-8ECA-DD016FE0D72A}.Debug|x64.ActiveCfg = Debug|Any CPU
		{C6608805-389B-495C-8ECA-DD016FE0D72A}.Debug|x64.Build.0 = Debug|Any CPU
		{C6608805-389B-495C-8ECA-DD016FE0D72A}.Debug|x64.Deploy.0 = Debug|Any CPU
		{C6608805-389B-495C-8ECA-DD016FE0D72A}.Debug|x86.ActiveCfg = Debug|Any CPU
		{C6608805-389B-495C-8ECA-DD016FE0D72A}.Debug|x86.Build.0 = Debug|Any CPU
		{C6608805-389B-495C-8ECA-DD016FE0D72A}.Debug|x86.Deploy.0 = Debug|Any CPU
		{C6608805-389B-495C-8ECA-DD016FE0D72A}.Release|Any CPU.ActiveCfg = Release|Any CPU
		{C6608805-389B-495C-8ECA-DD016FE0D72A}.Release|Any CPU.Build.0 = Release|Any CPU
		{C6608805-389B-495C-8ECA-DD016FE0D72A}.Release|Any CPU.Deploy.0 = Release|Any CPU
		{C6608805-389B-495C-8ECA-DD016FE0D72A}.Release|ARM.ActiveCfg = Release|Any CPU
		{C6608805-389B-495C-8ECA-DD016FE0D72A}.Release|ARM.Build.0 = Release|Any CPU
		{C6608805-389B-495C-8ECA-DD016FE0D72A}.Release|ARM.Deploy.0 = Release|Any CPU
		{C6608805-389B-495C-8ECA-DD016FE0D72A}.Release|iPhone.ActiveCfg = Release|Any CPU
		{C6608805-389B-495C-8ECA-DD016FE0D72A}.Release|iPhone.Build.0 = Release|Any CPU
		{C6608805-389B-495C-8ECA-DD016FE0D72A}.Release|iPhone.Deploy.0 = Release|Any CPU
		{C6608805-389B-495C-8ECA-DD016FE0D72A}.Release|iPhoneSimulator.ActiveCfg = Release|Any CPU
		{C6608805-389B-495C-8ECA-DD016FE0D72A}.Release|iPhoneSimulator.Build.0 = Release|Any CPU
		{C6608805-389B-495C-8ECA-DD016FE0D72A}.Release|iPhoneSimulator.Deploy.0 = Release|Any CPU
		{C6608805-389B-495C-8ECA-DD016FE0D72A}.Release|x64.ActiveCfg = Release|Any CPU
		{C6608805-389B-495C-8ECA-DD016FE0D72A}.Release|x64.Build.0 = Release|Any CPU
		{C6608805-389B-495C-8ECA-DD016FE0D72A}.Release|x64.Deploy.0 = Release|Any CPU
		{C6608805-389B-495C-8ECA-DD016FE0D72A}.Release|x86.ActiveCfg = Release|Any CPU
		{C6608805-389B-495C-8ECA-DD016FE0D72A}.Release|x86.Build.0 = Release|Any CPU
		{C6608805-389B-495C-8ECA-DD016FE0D72A}.Release|x86.Deploy.0 = Release|Any CPU
		{3F74B302-69F4-4591-BC7C-1EF42E5C3749}.Ad-Hoc|Any CPU.ActiveCfg = Ad-Hoc|iPhone
		{3F74B302-69F4-4591-BC7C-1EF42E5C3749}.Ad-Hoc|ARM.ActiveCfg = Ad-Hoc|iPhone
		{3F74B302-69F4-4591-BC7C-1EF42E5C3749}.Ad-Hoc|iPhone.ActiveCfg = Ad-Hoc|iPhone
		{3F74B302-69F4-4591-BC7C-1EF42E5C3749}.Ad-Hoc|iPhone.Build.0 = Ad-Hoc|iPhone
		{3F74B302-69F4-4591-BC7C-1EF42E5C3749}.Ad-Hoc|iPhoneSimulator.ActiveCfg = Ad-Hoc|iPhoneSimulator
		{3F74B302-69F4-4591-BC7C-1EF42E5C3749}.Ad-Hoc|iPhoneSimulator.Build.0 = Ad-Hoc|iPhoneSimulator
		{3F74B302-69F4-4591-BC7C-1EF42E5C3749}.Ad-Hoc|x64.ActiveCfg = Ad-Hoc|iPhone
		{3F74B302-69F4-4591-BC7C-1EF42E5C3749}.Ad-Hoc|x86.ActiveCfg = Ad-Hoc|iPhone
		{3F74B302-69F4-4591-BC7C-1EF42E5C3749}.AppStore|Any CPU.ActiveCfg = AppStore|iPhone
		{3F74B302-69F4-4591-BC7C-1EF42E5C3749}.AppStore|ARM.ActiveCfg = AppStore|iPhone
		{3F74B302-69F4-4591-BC7C-1EF42E5C3749}.AppStore|iPhone.ActiveCfg = AppStore|iPhone
		{3F74B302-69F4-4591-BC7C-1EF42E5C3749}.AppStore|iPhone.Build.0 = AppStore|iPhone
		{3F74B302-69F4-4591-BC7C-1EF42E5C3749}.AppStore|iPhoneSimulator.ActiveCfg = AppStore|iPhoneSimulator
		{3F74B302-69F4-4591-BC7C-1EF42E5C3749}.AppStore|iPhoneSimulator.Build.0 = AppStore|iPhoneSimulator
		{3F74B302-69F4-4591-BC7C-1EF42E5C3749}.AppStore|x64.ActiveCfg = AppStore|iPhone
		{3F74B302-69F4-4591-BC7C-1EF42E5C3749}.AppStore|x86.ActiveCfg = AppStore|iPhone
		{3F74B302-69F4-4591-BC7C-1EF42E5C3749}.Debug|Any CPU.ActiveCfg = Debug|iPhone
		{3F74B302-69F4-4591-BC7C-1EF42E5C3749}.Debug|ARM.ActiveCfg = Debug|iPhone
		{3F74B302-69F4-4591-BC7C-1EF42E5C3749}.Debug|iPhone.ActiveCfg = Debug|iPhone
		{3F74B302-69F4-4591-BC7C-1EF42E5C3749}.Debug|iPhone.Build.0 = Debug|iPhone
		{3F74B302-69F4-4591-BC7C-1EF42E5C3749}.Debug|iPhoneSimulator.ActiveCfg = Debug|iPhoneSimulator
		{3F74B302-69F4-4591-BC7C-1EF42E5C3749}.Debug|iPhoneSimulator.Build.0 = Debug|iPhoneSimulator
		{3F74B302-69F4-4591-BC7C-1EF42E5C3749}.Debug|x64.ActiveCfg = Debug|iPhone
		{3F74B302-69F4-4591-BC7C-1EF42E5C3749}.Debug|x86.ActiveCfg = Debug|iPhone
		{3F74B302-69F4-4591-BC7C-1EF42E5C3749}.Release|Any CPU.ActiveCfg = Release|iPhone
		{3F74B302-69F4-4591-BC7C-1EF42E5C3749}.Release|ARM.ActiveCfg = Release|iPhone
		{3F74B302-69F4-4591-BC7C-1EF42E5C3749}.Release|iPhone.ActiveCfg = Release|iPhone
		{3F74B302-69F4-4591-BC7C-1EF42E5C3749}.Release|iPhone.Build.0 = Release|iPhone
		{3F74B302-69F4-4591-BC7C-1EF42E5C3749}.Release|iPhoneSimulator.ActiveCfg = Release|iPhoneSimulator
		{3F74B302-69F4-4591-BC7C-1EF42E5C3749}.Release|iPhoneSimulator.Build.0 = Release|iPhoneSimulator
		{3F74B302-69F4-4591-BC7C-1EF42E5C3749}.Release|x64.ActiveCfg = Release|iPhone
		{3F74B302-69F4-4591-BC7C-1EF42E5C3749}.Release|x86.ActiveCfg = Release|iPhone
		{2C926EB0-B752-444B-BA49-07B8501EC62D}.Ad-Hoc|Any CPU.ActiveCfg = Release|Any CPU
		{2C926EB0-B752-444B-BA49-07B8501EC62D}.Ad-Hoc|Any CPU.Build.0 = Release|Any CPU
		{2C926EB0-B752-444B-BA49-07B8501EC62D}.Ad-Hoc|Any CPU.Deploy.0 = Release|Any CPU
		{2C926EB0-B752-444B-BA49-07B8501EC62D}.Ad-Hoc|ARM.ActiveCfg = Release|ARM
		{2C926EB0-B752-444B-BA49-07B8501EC62D}.Ad-Hoc|ARM.Build.0 = Release|ARM
		{2C926EB0-B752-444B-BA49-07B8501EC62D}.Ad-Hoc|ARM.Deploy.0 = Release|ARM
		{2C926EB0-B752-444B-BA49-07B8501EC62D}.Ad-Hoc|iPhone.ActiveCfg = Release|Any CPU
		{2C926EB0-B752-444B-BA49-07B8501EC62D}.Ad-Hoc|iPhone.Build.0 = Release|Any CPU
		{2C926EB0-B752-444B-BA49-07B8501EC62D}.Ad-Hoc|iPhone.Deploy.0 = Release|Any CPU
		{2C926EB0-B752-444B-BA49-07B8501EC62D}.Ad-Hoc|iPhoneSimulator.ActiveCfg = Release|Any CPU
		{2C926EB0-B752-444B-BA49-07B8501EC62D}.Ad-Hoc|iPhoneSimulator.Build.0 = Release|Any CPU
		{2C926EB0-B752-444B-BA49-07B8501EC62D}.Ad-Hoc|iPhoneSimulator.Deploy.0 = Release|Any CPU
		{2C926EB0-B752-444B-BA49-07B8501EC62D}.Ad-Hoc|x64.ActiveCfg = Release|Any CPU
		{2C926EB0-B752-444B-BA49-07B8501EC62D}.Ad-Hoc|x64.Build.0 = Release|Any CPU
		{2C926EB0-B752-444B-BA49-07B8501EC62D}.Ad-Hoc|x64.Deploy.0 = Release|Any CPU
		{2C926EB0-B752-444B-BA49-07B8501EC62D}.Ad-Hoc|x86.ActiveCfg = Release|x86
		{2C926EB0-B752-444B-BA49-07B8501EC62D}.Ad-Hoc|x86.Build.0 = Release|x86
		{2C926EB0-B752-444B-BA49-07B8501EC62D}.Ad-Hoc|x86.Deploy.0 = Release|x86
		{2C926EB0-B752-444B-BA49-07B8501EC62D}.AppStore|Any CPU.ActiveCfg = Release|Any CPU
		{2C926EB0-B752-444B-BA49-07B8501EC62D}.AppStore|Any CPU.Build.0 = Release|Any CPU
		{2C926EB0-B752-444B-BA49-07B8501EC62D}.AppStore|Any CPU.Deploy.0 = Release|Any CPU
		{2C926EB0-B752-444B-BA49-07B8501EC62D}.AppStore|ARM.ActiveCfg = Release|ARM
		{2C926EB0-B752-444B-BA49-07B8501EC62D}.AppStore|ARM.Build.0 = Release|ARM
		{2C926EB0-B752-444B-BA49-07B8501EC62D}.AppStore|ARM.Deploy.0 = Release|ARM
		{2C926EB0-B752-444B-BA49-07B8501EC62D}.AppStore|iPhone.ActiveCfg = Release|Any CPU
		{2C926EB0-B752-444B-BA49-07B8501EC62D}.AppStore|iPhone.Build.0 = Release|Any CPU
		{2C926EB0-B752-444B-BA49-07B8501EC62D}.AppStore|iPhone.Deploy.0 = Release|Any CPU
		{2C926EB0-B752-444B-BA49-07B8501EC62D}.AppStore|iPhoneSimulator.ActiveCfg = Release|Any CPU
		{2C926EB0-B752-444B-BA49-07B8501EC62D}.AppStore|iPhoneSimulator.Build.0 = Release|Any CPU
		{2C926EB0-B752-444B-BA49-07B8501EC62D}.AppStore|iPhoneSimulator.Deploy.0 = Release|Any CPU
		{2C926EB0-B752-444B-BA49-07B8501EC62D}.AppStore|x64.ActiveCfg = Release|Any CPU
		{2C926EB0-B752-444B-BA49-07B8501EC62D}.AppStore|x64.Build.0 = Release|Any CPU
		{2C926EB0-B752-444B-BA49-07B8501EC62D}.AppStore|x64.Deploy.0 = Release|Any CPU
		{2C926EB0-B752-444B-BA49-07B8501EC62D}.AppStore|x86.ActiveCfg = Release|x86
		{2C926EB0-B752-444B-BA49-07B8501EC62D}.AppStore|x86.Build.0 = Release|x86
		{2C926EB0-B752-444B-BA49-07B8501EC62D}.AppStore|x86.Deploy.0 = Release|x86
		{2C926EB0-B752-444B-BA49-07B8501EC62D}.Debug|Any CPU.ActiveCfg = Debug|Any CPU
		{2C926EB0-B752-444B-BA49-07B8501EC62D}.Debug|Any CPU.Build.0 = Debug|Any CPU
		{2C926EB0-B752-444B-BA49-07B8501EC62D}.Debug|Any CPU.Deploy.0 = Debug|Any CPU
		{2C926EB0-B752-444B-BA49-07B8501EC62D}.Debug|ARM.ActiveCfg = Debug|ARM
		{2C926EB0-B752-444B-BA49-07B8501EC62D}.Debug|ARM.Build.0 = Debug|ARM
		{2C926EB0-B752-444B-BA49-07B8501EC62D}.Debug|ARM.Deploy.0 = Debug|ARM
		{2C926EB0-B752-444B-BA49-07B8501EC62D}.Debug|iPhone.ActiveCfg = Debug|Any CPU
		{2C926EB0-B752-444B-BA49-07B8501EC62D}.Debug|iPhone.Build.0 = Debug|Any CPU
		{2C926EB0-B752-444B-BA49-07B8501EC62D}.Debug|iPhone.Deploy.0 = Debug|Any CPU
		{2C926EB0-B752-444B-BA49-07B8501EC62D}.Debug|iPhoneSimulator.ActiveCfg = Debug|Any CPU
		{2C926EB0-B752-444B-BA49-07B8501EC62D}.Debug|iPhoneSimulator.Build.0 = Debug|Any CPU
		{2C926EB0-B752-444B-BA49-07B8501EC62D}.Debug|iPhoneSimulator.Deploy.0 = Debug|Any CPU
		{2C926EB0-B752-444B-BA49-07B8501EC62D}.Debug|x64.ActiveCfg = Debug|Any CPU
		{2C926EB0-B752-444B-BA49-07B8501EC62D}.Debug|x64.Build.0 = Debug|Any CPU
		{2C926EB0-B752-444B-BA49-07B8501EC62D}.Debug|x64.Deploy.0 = Debug|Any CPU
		{2C926EB0-B752-444B-BA49-07B8501EC62D}.Debug|x86.ActiveCfg = Debug|x86
		{2C926EB0-B752-444B-BA49-07B8501EC62D}.Debug|x86.Build.0 = Debug|x86
		{2C926EB0-B752-444B-BA49-07B8501EC62D}.Debug|x86.Deploy.0 = Debug|x86
		{2C926EB0-B752-444B-BA49-07B8501EC62D}.Release|Any CPU.ActiveCfg = Release|Any CPU
		{2C926EB0-B752-444B-BA49-07B8501EC62D}.Release|Any CPU.Build.0 = Release|Any CPU
		{2C926EB0-B752-444B-BA49-07B8501EC62D}.Release|Any CPU.Deploy.0 = Release|Any CPU
		{2C926EB0-B752-444B-BA49-07B8501EC62D}.Release|ARM.ActiveCfg = Release|ARM
		{2C926EB0-B752-444B-BA49-07B8501EC62D}.Release|ARM.Build.0 = Release|ARM
		{2C926EB0-B752-444B-BA49-07B8501EC62D}.Release|ARM.Deploy.0 = Release|ARM
		{2C926EB0-B752-444B-BA49-07B8501EC62D}.Release|iPhone.ActiveCfg = Release|Any CPU
		{2C926EB0-B752-444B-BA49-07B8501EC62D}.Release|iPhone.Build.0 = Release|Any CPU
		{2C926EB0-B752-444B-BA49-07B8501EC62D}.Release|iPhone.Deploy.0 = Release|Any CPU
		{2C926EB0-B752-444B-BA49-07B8501EC62D}.Release|iPhoneSimulator.ActiveCfg = Release|Any CPU
		{2C926EB0-B752-444B-BA49-07B8501EC62D}.Release|iPhoneSimulator.Build.0 = Release|Any CPU
		{2C926EB0-B752-444B-BA49-07B8501EC62D}.Release|iPhoneSimulator.Deploy.0 = Release|Any CPU
		{2C926EB0-B752-444B-BA49-07B8501EC62D}.Release|x64.ActiveCfg = Release|Any CPU
		{2C926EB0-B752-444B-BA49-07B8501EC62D}.Release|x64.Build.0 = Release|Any CPU
		{2C926EB0-B752-444B-BA49-07B8501EC62D}.Release|x64.Deploy.0 = Release|Any CPU
		{2C926EB0-B752-444B-BA49-07B8501EC62D}.Release|x86.ActiveCfg = Release|x86
		{2C926EB0-B752-444B-BA49-07B8501EC62D}.Release|x86.Build.0 = Release|x86
		{2C926EB0-B752-444B-BA49-07B8501EC62D}.Release|x86.Deploy.0 = Release|x86
		{4F0A808B-2E67-47D8-88F6-288C1AA221BF}.Ad-Hoc|Any CPU.ActiveCfg = Release|x86
		{4F0A808B-2E67-47D8-88F6-288C1AA221BF}.Ad-Hoc|Any CPU.Build.0 = Release|x86
		{4F0A808B-2E67-47D8-88F6-288C1AA221BF}.Ad-Hoc|Any CPU.Deploy.0 = Release|x86
		{4F0A808B-2E67-47D8-88F6-288C1AA221BF}.Ad-Hoc|ARM.ActiveCfg = Release|ARM
		{4F0A808B-2E67-47D8-88F6-288C1AA221BF}.Ad-Hoc|ARM.Build.0 = Release|ARM
		{4F0A808B-2E67-47D8-88F6-288C1AA221BF}.Ad-Hoc|ARM.Deploy.0 = Release|ARM
		{4F0A808B-2E67-47D8-88F6-288C1AA221BF}.Ad-Hoc|iPhone.ActiveCfg = Release|x86
		{4F0A808B-2E67-47D8-88F6-288C1AA221BF}.Ad-Hoc|iPhone.Build.0 = Release|x86
		{4F0A808B-2E67-47D8-88F6-288C1AA221BF}.Ad-Hoc|iPhone.Deploy.0 = Release|x86
		{4F0A808B-2E67-47D8-88F6-288C1AA221BF}.Ad-Hoc|iPhoneSimulator.ActiveCfg = Release|x86
		{4F0A808B-2E67-47D8-88F6-288C1AA221BF}.Ad-Hoc|iPhoneSimulator.Build.0 = Release|x86
		{4F0A808B-2E67-47D8-88F6-288C1AA221BF}.Ad-Hoc|iPhoneSimulator.Deploy.0 = Release|x86
		{4F0A808B-2E67-47D8-88F6-288C1AA221BF}.Ad-Hoc|x64.ActiveCfg = Release|x64
		{4F0A808B-2E67-47D8-88F6-288C1AA221BF}.Ad-Hoc|x64.Build.0 = Release|x64
		{4F0A808B-2E67-47D8-88F6-288C1AA221BF}.Ad-Hoc|x64.Deploy.0 = Release|x64
		{4F0A808B-2E67-47D8-88F6-288C1AA221BF}.Ad-Hoc|x86.ActiveCfg = Release|x86
		{4F0A808B-2E67-47D8-88F6-288C1AA221BF}.Ad-Hoc|x86.Build.0 = Release|x86
		{4F0A808B-2E67-47D8-88F6-288C1AA221BF}.Ad-Hoc|x86.Deploy.0 = Release|x86
		{4F0A808B-2E67-47D8-88F6-288C1AA221BF}.AppStore|Any CPU.ActiveCfg = Release|x86
		{4F0A808B-2E67-47D8-88F6-288C1AA221BF}.AppStore|Any CPU.Build.0 = Release|x86
		{4F0A808B-2E67-47D8-88F6-288C1AA221BF}.AppStore|Any CPU.Deploy.0 = Release|x86
		{4F0A808B-2E67-47D8-88F6-288C1AA221BF}.AppStore|ARM.ActiveCfg = Release|ARM
		{4F0A808B-2E67-47D8-88F6-288C1AA221BF}.AppStore|ARM.Build.0 = Release|ARM
		{4F0A808B-2E67-47D8-88F6-288C1AA221BF}.AppStore|ARM.Deploy.0 = Release|ARM
		{4F0A808B-2E67-47D8-88F6-288C1AA221BF}.AppStore|iPhone.ActiveCfg = Release|x86
		{4F0A808B-2E67-47D8-88F6-288C1AA221BF}.AppStore|iPhone.Build.0 = Release|x86
		{4F0A808B-2E67-47D8-88F6-288C1AA221BF}.AppStore|iPhone.Deploy.0 = Release|x86
		{4F0A808B-2E67-47D8-88F6-288C1AA221BF}.AppStore|iPhoneSimulator.ActiveCfg = Release|x86
		{4F0A808B-2E67-47D8-88F6-288C1AA221BF}.AppStore|iPhoneSimulator.Build.0 = Release|x86
		{4F0A808B-2E67-47D8-88F6-288C1AA221BF}.AppStore|iPhoneSimulator.Deploy.0 = Release|x86
		{4F0A808B-2E67-47D8-88F6-288C1AA221BF}.AppStore|x64.ActiveCfg = Release|x64
		{4F0A808B-2E67-47D8-88F6-288C1AA221BF}.AppStore|x64.Build.0 = Release|x64
		{4F0A808B-2E67-47D8-88F6-288C1AA221BF}.AppStore|x64.Deploy.0 = Release|x64
		{4F0A808B-2E67-47D8-88F6-288C1AA221BF}.AppStore|x86.ActiveCfg = Release|x86
		{4F0A808B-2E67-47D8-88F6-288C1AA221BF}.AppStore|x86.Build.0 = Release|x86
		{4F0A808B-2E67-47D8-88F6-288C1AA221BF}.AppStore|x86.Deploy.0 = Release|x86
		{4F0A808B-2E67-47D8-88F6-288C1AA221BF}.Debug|Any CPU.ActiveCfg = Debug|x86
		{4F0A808B-2E67-47D8-88F6-288C1AA221BF}.Debug|ARM.ActiveCfg = Debug|ARM
		{4F0A808B-2E67-47D8-88F6-288C1AA221BF}.Debug|ARM.Build.0 = Debug|ARM
		{4F0A808B-2E67-47D8-88F6-288C1AA221BF}.Debug|ARM.Deploy.0 = Debug|ARM
		{4F0A808B-2E67-47D8-88F6-288C1AA221BF}.Debug|iPhone.ActiveCfg = Debug|x86
		{4F0A808B-2E67-47D8-88F6-288C1AA221BF}.Debug|iPhoneSimulator.ActiveCfg = Debug|x86
		{4F0A808B-2E67-47D8-88F6-288C1AA221BF}.Debug|x64.ActiveCfg = Debug|x64
		{4F0A808B-2E67-47D8-88F6-288C1AA221BF}.Debug|x64.Build.0 = Debug|x64
		{4F0A808B-2E67-47D8-88F6-288C1AA221BF}.Debug|x64.Deploy.0 = Debug|x64
		{4F0A808B-2E67-47D8-88F6-288C1AA221BF}.Debug|x86.ActiveCfg = Debug|x86
		{4F0A808B-2E67-47D8-88F6-288C1AA221BF}.Debug|x86.Build.0 = Debug|x86
		{4F0A808B-2E67-47D8-88F6-288C1AA221BF}.Debug|x86.Deploy.0 = Debug|x86
		{4F0A808B-2E67-47D8-88F6-288C1AA221BF}.Release|Any CPU.ActiveCfg = Release|x86
		{4F0A808B-2E67-47D8-88F6-288C1AA221BF}.Release|ARM.ActiveCfg = Release|ARM
		{4F0A808B-2E67-47D8-88F6-288C1AA221BF}.Release|ARM.Build.0 = Release|ARM
		{4F0A808B-2E67-47D8-88F6-288C1AA221BF}.Release|ARM.Deploy.0 = Release|ARM
		{4F0A808B-2E67-47D8-88F6-288C1AA221BF}.Release|iPhone.ActiveCfg = Release|x86
		{4F0A808B-2E67-47D8-88F6-288C1AA221BF}.Release|iPhoneSimulator.ActiveCfg = Release|x86
		{4F0A808B-2E67-47D8-88F6-288C1AA221BF}.Release|x64.ActiveCfg = Release|x64
		{4F0A808B-2E67-47D8-88F6-288C1AA221BF}.Release|x64.Build.0 = Release|x64
		{4F0A808B-2E67-47D8-88F6-288C1AA221BF}.Release|x64.Deploy.0 = Release|x64
		{4F0A808B-2E67-47D8-88F6-288C1AA221BF}.Release|x86.ActiveCfg = Release|x86
		{4F0A808B-2E67-47D8-88F6-288C1AA221BF}.Release|x86.Build.0 = Release|x86
		{4F0A808B-2E67-47D8-88F6-288C1AA221BF}.Release|x86.Deploy.0 = Release|x86
		{56CADB60-EC1C-49C0-9019-61DB31AB4E8E}.Ad-Hoc|Any CPU.ActiveCfg = Release|Any CPU
		{56CADB60-EC1C-49C0-9019-61DB31AB4E8E}.Ad-Hoc|Any CPU.Build.0 = Release|Any CPU
		{56CADB60-EC1C-49C0-9019-61DB31AB4E8E}.Ad-Hoc|Any CPU.Deploy.0 = Release|Any CPU
		{56CADB60-EC1C-49C0-9019-61DB31AB4E8E}.Ad-Hoc|ARM.ActiveCfg = Release|ARM
		{56CADB60-EC1C-49C0-9019-61DB31AB4E8E}.Ad-Hoc|ARM.Build.0 = Release|ARM
		{56CADB60-EC1C-49C0-9019-61DB31AB4E8E}.Ad-Hoc|ARM.Deploy.0 = Release|ARM
		{56CADB60-EC1C-49C0-9019-61DB31AB4E8E}.Ad-Hoc|iPhone.ActiveCfg = Release|Any CPU
		{56CADB60-EC1C-49C0-9019-61DB31AB4E8E}.Ad-Hoc|iPhone.Build.0 = Release|Any CPU
		{56CADB60-EC1C-49C0-9019-61DB31AB4E8E}.Ad-Hoc|iPhone.Deploy.0 = Release|Any CPU
		{56CADB60-EC1C-49C0-9019-61DB31AB4E8E}.Ad-Hoc|iPhoneSimulator.ActiveCfg = Release|Any CPU
		{56CADB60-EC1C-49C0-9019-61DB31AB4E8E}.Ad-Hoc|iPhoneSimulator.Build.0 = Release|Any CPU
		{56CADB60-EC1C-49C0-9019-61DB31AB4E8E}.Ad-Hoc|iPhoneSimulator.Deploy.0 = Release|Any CPU
		{56CADB60-EC1C-49C0-9019-61DB31AB4E8E}.Ad-Hoc|x64.ActiveCfg = Release|x64
		{56CADB60-EC1C-49C0-9019-61DB31AB4E8E}.Ad-Hoc|x64.Build.0 = Release|x64
		{56CADB60-EC1C-49C0-9019-61DB31AB4E8E}.Ad-Hoc|x64.Deploy.0 = Release|x64
		{56CADB60-EC1C-49C0-9019-61DB31AB4E8E}.Ad-Hoc|x86.ActiveCfg = Release|x86
		{56CADB60-EC1C-49C0-9019-61DB31AB4E8E}.Ad-Hoc|x86.Build.0 = Release|x86
		{56CADB60-EC1C-49C0-9019-61DB31AB4E8E}.Ad-Hoc|x86.Deploy.0 = Release|x86
		{56CADB60-EC1C-49C0-9019-61DB31AB4E8E}.AppStore|Any CPU.ActiveCfg = Release|Any CPU
		{56CADB60-EC1C-49C0-9019-61DB31AB4E8E}.AppStore|Any CPU.Build.0 = Release|Any CPU
		{56CADB60-EC1C-49C0-9019-61DB31AB4E8E}.AppStore|Any CPU.Deploy.0 = Release|Any CPU
		{56CADB60-EC1C-49C0-9019-61DB31AB4E8E}.AppStore|ARM.ActiveCfg = Release|ARM
		{56CADB60-EC1C-49C0-9019-61DB31AB4E8E}.AppStore|ARM.Build.0 = Release|ARM
		{56CADB60-EC1C-49C0-9019-61DB31AB4E8E}.AppStore|ARM.Deploy.0 = Release|ARM
		{56CADB60-EC1C-49C0-9019-61DB31AB4E8E}.AppStore|iPhone.ActiveCfg = Release|Any CPU
		{56CADB60-EC1C-49C0-9019-61DB31AB4E8E}.AppStore|iPhone.Build.0 = Release|Any CPU
		{56CADB60-EC1C-49C0-9019-61DB31AB4E8E}.AppStore|iPhone.Deploy.0 = Release|Any CPU
		{56CADB60-EC1C-49C0-9019-61DB31AB4E8E}.AppStore|iPhoneSimulator.ActiveCfg = Release|Any CPU
		{56CADB60-EC1C-49C0-9019-61DB31AB4E8E}.AppStore|iPhoneSimulator.Build.0 = Release|Any CPU
		{56CADB60-EC1C-49C0-9019-61DB31AB4E8E}.AppStore|iPhoneSimulator.Deploy.0 = Release|Any CPU
		{56CADB60-EC1C-49C0-9019-61DB31AB4E8E}.AppStore|x64.ActiveCfg = Release|x64
		{56CADB60-EC1C-49C0-9019-61DB31AB4E8E}.AppStore|x64.Build.0 = Release|x64
		{56CADB60-EC1C-49C0-9019-61DB31AB4E8E}.AppStore|x64.Deploy.0 = Release|x64
		{56CADB60-EC1C-49C0-9019-61DB31AB4E8E}.AppStore|x86.ActiveCfg = Release|x86
		{56CADB60-EC1C-49C0-9019-61DB31AB4E8E}.AppStore|x86.Build.0 = Release|x86
		{56CADB60-EC1C-49C0-9019-61DB31AB4E8E}.AppStore|x86.Deploy.0 = Release|x86
		{56CADB60-EC1C-49C0-9019-61DB31AB4E8E}.Debug|Any CPU.ActiveCfg = Debug|Any CPU
		{56CADB60-EC1C-49C0-9019-61DB31AB4E8E}.Debug|Any CPU.Build.0 = Debug|Any CPU
		{56CADB60-EC1C-49C0-9019-61DB31AB4E8E}.Debug|Any CPU.Deploy.0 = Debug|Any CPU
		{56CADB60-EC1C-49C0-9019-61DB31AB4E8E}.Debug|ARM.ActiveCfg = Debug|ARM
		{56CADB60-EC1C-49C0-9019-61DB31AB4E8E}.Debug|ARM.Build.0 = Debug|ARM
		{56CADB60-EC1C-49C0-9019-61DB31AB4E8E}.Debug|ARM.Deploy.0 = Debug|ARM
		{56CADB60-EC1C-49C0-9019-61DB31AB4E8E}.Debug|iPhone.ActiveCfg = Debug|Any CPU
		{56CADB60-EC1C-49C0-9019-61DB31AB4E8E}.Debug|iPhone.Build.0 = Debug|Any CPU
		{56CADB60-EC1C-49C0-9019-61DB31AB4E8E}.Debug|iPhone.Deploy.0 = Debug|Any CPU
		{56CADB60-EC1C-49C0-9019-61DB31AB4E8E}.Debug|iPhoneSimulator.ActiveCfg = Debug|Any CPU
		{56CADB60-EC1C-49C0-9019-61DB31AB4E8E}.Debug|iPhoneSimulator.Build.0 = Debug|Any CPU
		{56CADB60-EC1C-49C0-9019-61DB31AB4E8E}.Debug|iPhoneSimulator.Deploy.0 = Debug|Any CPU
		{56CADB60-EC1C-49C0-9019-61DB31AB4E8E}.Debug|x64.ActiveCfg = Debug|x64
		{56CADB60-EC1C-49C0-9019-61DB31AB4E8E}.Debug|x64.Build.0 = Debug|x64
		{56CADB60-EC1C-49C0-9019-61DB31AB4E8E}.Debug|x64.Deploy.0 = Debug|x64
		{56CADB60-EC1C-49C0-9019-61DB31AB4E8E}.Debug|x86.ActiveCfg = Debug|x86
		{56CADB60-EC1C-49C0-9019-61DB31AB4E8E}.Debug|x86.Build.0 = Debug|x86
		{56CADB60-EC1C-49C0-9019-61DB31AB4E8E}.Debug|x86.Deploy.0 = Debug|x86
		{56CADB60-EC1C-49C0-9019-61DB31AB4E8E}.Release|Any CPU.ActiveCfg = Release|Any CPU
		{56CADB60-EC1C-49C0-9019-61DB31AB4E8E}.Release|Any CPU.Build.0 = Release|Any CPU
		{56CADB60-EC1C-49C0-9019-61DB31AB4E8E}.Release|Any CPU.Deploy.0 = Release|Any CPU
		{56CADB60-EC1C-49C0-9019-61DB31AB4E8E}.Release|ARM.ActiveCfg = Release|ARM
		{56CADB60-EC1C-49C0-9019-61DB31AB4E8E}.Release|ARM.Build.0 = Release|ARM
		{56CADB60-EC1C-49C0-9019-61DB31AB4E8E}.Release|ARM.Deploy.0 = Release|ARM
		{56CADB60-EC1C-49C0-9019-61DB31AB4E8E}.Release|iPhone.ActiveCfg = Release|Any CPU
		{56CADB60-EC1C-49C0-9019-61DB31AB4E8E}.Release|iPhone.Build.0 = Release|Any CPU
		{56CADB60-EC1C-49C0-9019-61DB31AB4E8E}.Release|iPhone.Deploy.0 = Release|Any CPU
		{56CADB60-EC1C-49C0-9019-61DB31AB4E8E}.Release|iPhoneSimulator.ActiveCfg = Release|Any CPU
		{56CADB60-EC1C-49C0-9019-61DB31AB4E8E}.Release|iPhoneSimulator.Build.0 = Release|Any CPU
		{56CADB60-EC1C-49C0-9019-61DB31AB4E8E}.Release|iPhoneSimulator.Deploy.0 = Release|Any CPU
		{56CADB60-EC1C-49C0-9019-61DB31AB4E8E}.Release|x64.ActiveCfg = Release|x64
		{56CADB60-EC1C-49C0-9019-61DB31AB4E8E}.Release|x64.Build.0 = Release|x64
		{56CADB60-EC1C-49C0-9019-61DB31AB4E8E}.Release|x64.Deploy.0 = Release|x64
		{56CADB60-EC1C-49C0-9019-61DB31AB4E8E}.Release|x86.ActiveCfg = Release|x86
		{56CADB60-EC1C-49C0-9019-61DB31AB4E8E}.Release|x86.Build.0 = Release|x86
		{56CADB60-EC1C-49C0-9019-61DB31AB4E8E}.Release|x86.Deploy.0 = Release|x86
	EndGlobalSection
	GlobalSection(SolutionProperties) = preSolution
		HideSolutionNode = FALSE
	EndGlobalSection
EndGlobal
